
Microsoft Visual Studio Solution File, Format Version 12.00
# Visual Studio Version 16
VisualStudioVersion = 16.0.29009.5
MinimumVisualStudioVersion = 10.0.40219.1
Project("{2150E333-8FDC-42A3-9474-1A3956D46DE8}") = "_Libraries", "_Libraries", "{5EC9E829-8200-4FF2-A425-AB75E3453DCD}"
EndProject
Project("{2150E333-8FDC-42A3-9474-1A3956D46DE8}") = "Bond", "Bond", "{00407077-2DA4-45C9-8A21-FCCEB87E8274}"
EndProject
Project("{2150E333-8FDC-42A3-9474-1A3956D46DE8}") = "LightMessage", "LightMessage", "{74DF4B98-117B-4641-8DBB-6A54D3C5E264}"
EndProject
Project("{2150E333-8FDC-42A3-9474-1A3956D46DE8}") = "Cassandra", "Cassandra", "{7C71D1B7-C9FD-4BCF-AA66-DD01F99C6E85}"
EndProject
Project("{2150E333-8FDC-42A3-9474-1A3956D46DE8}") = "Indexing", "Indexing", "{4FCA15A0-045E-435F-94EF-C12408387D90}"
EndProject
Project("{2150E333-8FDC-42A3-9474-1A3956D46DE8}") = "Server", "Server", "{9089A3C4-FF19-40E6-B521-4A09B4485986}"
EndProject
Project("{2150E333-8FDC-42A3-9474-1A3956D46DE8}") = "Test", "Test", "{72D4B17A-D1CA-48E3-9DF5-87BED006B0D3}"
EndProject
Project("{9A19103F-16F7-4668-BE54-9A1E7A4F7556}") = "Bond", "..\OrleansLibraries-Core\ThirdParty\bond-8.0.0\cs\src\core\Bond.csproj", "{43CBBA9B-C4BC-4E64-8733-7B72562D2E91}"
EndProject
Project("{9A19103F-16F7-4668-BE54-9A1E7A4F7556}") = "IO", "..\OrleansLibraries-Core\ThirdParty\bond-8.0.0\cs\src\io\IO.csproj", "{2E6E238C-9017-445C-9611-66DA780609BE}"
EndProject
Project("{9A19103F-16F7-4668-BE54-9A1E7A4F7556}") = "reflection", "..\OrleansLibraries-Core\ThirdParty\bond-8.0.0\cs\src\reflection\reflection.csproj", "{40452223-3A34-4841-9A69-E0B6640B4108}"
EndProject
Project("{9A19103F-16F7-4668-BE54-9A1E7A4F7556}") = "Attributes", "..\OrleansLibraries-Core\ThirdParty\bond-8.0.0\cs\src\attributes\Attributes.csproj", "{92915BD9-8AB1-4E4D-A2AC-95BBF4F82D89}"
EndProject
Project("{9A19103F-16F7-4668-BE54-9A1E7A4F7556}") = "OrleansBondUtils", "..\OrleansLibraries-Core\OrleansBondUtils\OrleansBondUtils.csproj", "{6A557F00-BBDE-4F47-91BC-2995844AFC79}"
EndProject
Project("{9A19103F-16F7-4668-BE54-9A1E7A4F7556}") = "OrleansBondUtils.CassandraInterop", "..\OrleansLibraries-Core\OrleansBondUtils.CassandraInterop\OrleansBondUtils.CassandraInterop.csproj", "{2A0366A7-E423-401C-A44A-194DEAF31F6D}"
EndProject
Project("{9A19103F-16F7-4668-BE54-9A1E7A4F7556}") = "OrleansCassandraUtils", "..\OrleansLibraries-Core\OrleansCassandraUtils\OrleansCassandraUtils.csproj", "{F13A6A3A-B8CE-4DB2-83B8-2A1445838F3B}"
EndProject
Project("{9A19103F-16F7-4668-BE54-9A1E7A4F7556}") = "OrleansIndexingGrainInterfaces", "..\OrleansLibraries-Core\OrleansIndexingGrainInterfaces\OrleansIndexingGrainInterfaces.csproj", "{8243BA61-A6F5-4CC6-B407-C29C32DCCD8D}"
EndProject
Project("{9A19103F-16F7-4668-BE54-9A1E7A4F7556}") = "OrleansIndexingGrains", "..\OrleansLibraries-Core\OrleansIndexingGrains\OrleansIndexingGrains.csproj", "{2BE78B63-AEC3-48BC-9678-368C4D12FB47}"
EndProject
Project("{9A19103F-16F7-4668-BE54-9A1E7A4F7556}") = "LightMessage.Common", "..\LightMessage-Core\LightMessage.Common\LightMessage.Common.csproj", "{EA7A3421-CE8E-4260-95F9-A27E86AF802F}"
EndProject
Project("{9A19103F-16F7-4668-BE54-9A1E7A4F7556}") = "LightMessage.Client", "..\LightMessage-Core\LightMessage.Client\LightMessage.Client.csproj", "{FD7EE2B5-1B8E-44D5-9A59-FFE5AEF5B1C5}"
EndProject
Project("{9A19103F-16F7-4668-BE54-9A1E7A4F7556}") = "LightMessage.Host", "..\LightMessage-Core\LightMessage.Host\LightMessage.Host.csproj", "{0D965194-6475-4386-9195-13702D065A0F}"
EndProject
Project("{9A19103F-16F7-4668-BE54-9A1E7A4F7556}") = "LightMessage.OrleansUtils.GrainInterfaces", "..\LightMessage-Core\LightMessage.OrleansUtils.GrainInterfaces\LightMessage.OrleansUtils.GrainInterfaces.csproj", "{52C6C067-31EB-4745-A6A8-2E7E1A809014}"
EndProject
Project("{9A19103F-16F7-4668-BE54-9A1E7A4F7556}") = "LightMessage.OrleansUtils.Grains", "..\LightMessage-Core\LightMessage.OrleansUtils.Grains\LightMessage.OrleansUtils.Grains.csproj", "{6F5780AF-6A05-491D-BE6A-1621813F9A93}"
EndProject
Project("{9A19103F-16F7-4668-BE54-9A1E7A4F7556}") = "LightMessage.OrleansUtils.Host", "..\LightMessage-Core\LightMessage.OrleansUtils.Host\LightMessage.OrleansUtils.Host.csproj", "{22A5A75D-8515-4EBD-998D-8611304CF41F}"
EndProject
Project("{9A19103F-16F7-4668-BE54-9A1E7A4F7556}") = "FLGrainInterfaces", "src\FLGrainInterfaces\FLGrainInterfaces.csproj", "{744E913B-D451-476D-B989-7AD82CAB42ED}"
	ProjectSection(ProjectDependencies) = postProject
		{CF3770C7-14E0-4F53-A61F-E1841EBB6BD0} = {CF3770C7-14E0-4F53-A61F-E1841EBB6BD0}
	EndProjectSection
EndProject
Project("{9A19103F-16F7-4668-BE54-9A1E7A4F7556}") = "FLGrains", "src\FLGrains\FLGrains.csproj", "{0B77907A-6618-4C44-8B6D-CE89CEEC6C6B}"
EndProject
Project("{9A19103F-16F7-4668-BE54-9A1E7A4F7556}") = "FLHost", "src\FLHost\FLHost.csproj", "{CF992464-5B45-4D74-8BAB-33D510251CC2}"
EndProject
Project("{9A19103F-16F7-4668-BE54-9A1E7A4F7556}") = "FLTestClient", "src\FLTestClient\FLTestClient.csproj", "{BF572309-7387-451A-A79C-65BEB0CCE9FB}"
EndProject
Project("{9A19103F-16F7-4668-BE54-9A1E7A4F7556}") = "FLGameLogic", "src\FLGameLogic\FLGameLogic.csproj", "{2F95DC1B-1934-4208-808D-58A377C0FC4A}"
EndProject
Project("{9A19103F-16F7-4668-BE54-9A1E7A4F7556}") = "FLGameLogicServer", "src\FLGameLogicServer\FLGameLogicServer.csproj", "{5284ABE1-8E8C-4F88-ABB9-CAB9100DB1DF}"
EndProject
Project("{2150E333-8FDC-42A3-9474-1A3956D46DE8}") = "Utilities", "Utilities", "{0E1F8169-CCB2-4B9B-A125-9D6D594ECD87}"
EndProject
Project("{6EC3EE1D-3C4E-46DD-8F32-0CC8E7565705}") = "LevelConverter", "src\LevelConverter\LevelConverter.fsproj", "{2A2F71B2-5D31-4CED-962F-FEC4BC2A90F9}"
EndProject
Project("{2150E333-8FDC-42A3-9474-1A3956D46DE8}") = "Jint", "Jint", "{E65BB1CB-824D-4C3C-BE4E-ACF16F10ED4F}"
EndProject
Project("{9A19103F-16F7-4668-BE54-9A1E7A4F7556}") = "Jint", "..\jint-2.11.10\Jint\Jint.csproj", "{04802B23-1E85-434B-B8BB-368699484CE8}"
EndProject
Project("{6EC3EE1D-3C4E-46DD-8F32-0CC8E7565705}") = "LightMessage.Compiler", "..\LightMessage-Core\LightMessage.Compiler\LightMessage.Compiler.fsproj", "{B8A6E24D-A355-4100-A252-01959D22B72F}"
EndProject
Project("{9A19103F-16F7-4668-BE54-9A1E7A4F7556}") = "LightMessage.Unity", "..\LightMessage-Core\LightMessage.Unity\LightMessage.Unity.csproj", "{6E016B8D-6E0B-496C-9EA1-E1AA584C5C15}"
EndProject
Project("{9A19103F-16F7-4668-BE54-9A1E7A4F7556}") = "FLNetworkMessages", "src\FLNetworkMessages\FLNetworkMessages.csproj", "{CF3770C7-14E0-4F53-A61F-E1841EBB6BD0}"
EndProject
Project("{6EC3EE1D-3C4E-46DD-8F32-0CC8E7565705}") = "FLServiceStatus", "src\FLServiceStatus\FLServiceStatus.fsproj", "{3D1EC675-CB54-46CB-9F0B-1188E4912F19}"
EndProject
Project("{2150E333-8FDC-42A3-9474-1A3956D46DE8}") = "ServiceStatus", "ServiceStatus", "{AEA1CE4F-F6C0-46BC-953A-E4605BE85453}"
EndProject
Project("{2150E333-8FDC-42A3-9474-1A3956D46DE8}") = "RecoveryEmail", "RecoveryEmail", "{21A3A2F3-BEBD-4790-AE92-8406DD76172E}"
EndProject
Project("{6EC3EE1D-3C4E-46DD-8F32-0CC8E7565705}") = "Client", "src\FLRecoveryEmail\src\Client\Client.fsproj", "{86D88E4D-2352-4829-A4A2-F4E7910A372C}"
EndProject
Project("{6EC3EE1D-3C4E-46DD-8F32-0CC8E7565705}") = "Server", "src\FLRecoveryEmail\src\Server\Server.fsproj", "{2F3C3943-1EC4-4A8B-98C6-ECDD90E23D3E}"
EndProject
Project("{2150E333-8FDC-42A3-9474-1A3956D46DE8}") = "Solution Items", "Solution Items", "{FE310F94-F5F9-4EB7-BC4E-E0C3BB5A4BB1}"
	ProjectSection(SolutionItems) = preProject
		FLRecoveryEmail\build.fsx = FLRecoveryEmail\build.fsx
		FLRecoveryEmail\package.json = FLRecoveryEmail\package.json
		FLRecoveryEmail\paket.dependencies = FLRecoveryEmail\paket.dependencies
		FLRecoveryEmail\paket.lock = FLRecoveryEmail\paket.lock
		FLRecoveryEmail\README.md = FLRecoveryEmail\README.md
		FLRecoveryEmail\webpack.config.js = FLRecoveryEmail\webpack.config.js
		FLRecoveryEmail\yarn.lock = FLRecoveryEmail\yarn.lock
	EndProjectSection
EndProject
Global
	GlobalSection(SolutionConfigurationPlatforms) = preSolution
		Debug|Any CPU = Debug|Any CPU
		Debug|x86 = Debug|x86
		Release|Any CPU = Release|Any CPU
		Release|x86 = Release|x86
		Unity|Any CPU = Unity|Any CPU
		Unity|x86 = Unity|x86
	EndGlobalSection
	GlobalSection(ProjectConfigurationPlatforms) = postSolution
		{43CBBA9B-C4BC-4E64-8733-7B72562D2E91}.Debug|Any CPU.ActiveCfg = Debug|Any CPU
		{43CBBA9B-C4BC-4E64-8733-7B72562D2E91}.Debug|Any CPU.Build.0 = Debug|Any CPU
		{43CBBA9B-C4BC-4E64-8733-7B72562D2E91}.Debug|x86.ActiveCfg = Debug|Any CPU
		{43CBBA9B-C4BC-4E64-8733-7B72562D2E91}.Debug|x86.Build.0 = Debug|Any CPU
		{43CBBA9B-C4BC-4E64-8733-7B72562D2E91}.Release|Any CPU.ActiveCfg = Release|Any CPU
		{43CBBA9B-C4BC-4E64-8733-7B72562D2E91}.Release|Any CPU.Build.0 = Release|Any CPU
		{43CBBA9B-C4BC-4E64-8733-7B72562D2E91}.Release|x86.ActiveCfg = Release|Any CPU
		{43CBBA9B-C4BC-4E64-8733-7B72562D2E91}.Release|x86.Build.0 = Release|Any CPU
		{43CBBA9B-C4BC-4E64-8733-7B72562D2E91}.Unity|Any CPU.ActiveCfg = Release|Any CPU
		{43CBBA9B-C4BC-4E64-8733-7B72562D2E91}.Unity|Any CPU.Build.0 = Release|Any CPU
		{43CBBA9B-C4BC-4E64-8733-7B72562D2E91}.Unity|x86.ActiveCfg = Release|Any CPU
		{43CBBA9B-C4BC-4E64-8733-7B72562D2E91}.Unity|x86.Build.0 = Release|Any CPU
		{2E6E238C-9017-445C-9611-66DA780609BE}.Debug|Any CPU.ActiveCfg = Debug|Any CPU
		{2E6E238C-9017-445C-9611-66DA780609BE}.Debug|Any CPU.Build.0 = Debug|Any CPU
		{2E6E238C-9017-445C-9611-66DA780609BE}.Debug|x86.ActiveCfg = Debug|Any CPU
		{2E6E238C-9017-445C-9611-66DA780609BE}.Debug|x86.Build.0 = Debug|Any CPU
		{2E6E238C-9017-445C-9611-66DA780609BE}.Release|Any CPU.ActiveCfg = Release|Any CPU
		{2E6E238C-9017-445C-9611-66DA780609BE}.Release|Any CPU.Build.0 = Release|Any CPU
		{2E6E238C-9017-445C-9611-66DA780609BE}.Release|x86.ActiveCfg = Release|Any CPU
		{2E6E238C-9017-445C-9611-66DA780609BE}.Release|x86.Build.0 = Release|Any CPU
		{2E6E238C-9017-445C-9611-66DA780609BE}.Unity|Any CPU.ActiveCfg = Release|Any CPU
		{2E6E238C-9017-445C-9611-66DA780609BE}.Unity|Any CPU.Build.0 = Release|Any CPU
		{2E6E238C-9017-445C-9611-66DA780609BE}.Unity|x86.ActiveCfg = Release|Any CPU
		{2E6E238C-9017-445C-9611-66DA780609BE}.Unity|x86.Build.0 = Release|Any CPU
		{40452223-3A34-4841-9A69-E0B6640B4108}.Debug|Any CPU.ActiveCfg = Debug|Any CPU
		{40452223-3A34-4841-9A69-E0B6640B4108}.Debug|Any CPU.Build.0 = Debug|Any CPU
		{40452223-3A34-4841-9A69-E0B6640B4108}.Debug|x86.ActiveCfg = Debug|Any CPU
		{40452223-3A34-4841-9A69-E0B6640B4108}.Debug|x86.Build.0 = Debug|Any CPU
		{40452223-3A34-4841-9A69-E0B6640B4108}.Release|Any CPU.ActiveCfg = Release|Any CPU
		{40452223-3A34-4841-9A69-E0B6640B4108}.Release|Any CPU.Build.0 = Release|Any CPU
		{40452223-3A34-4841-9A69-E0B6640B4108}.Release|x86.ActiveCfg = Release|Any CPU
		{40452223-3A34-4841-9A69-E0B6640B4108}.Release|x86.Build.0 = Release|Any CPU
		{40452223-3A34-4841-9A69-E0B6640B4108}.Unity|Any CPU.ActiveCfg = Release|Any CPU
		{40452223-3A34-4841-9A69-E0B6640B4108}.Unity|Any CPU.Build.0 = Release|Any CPU
		{40452223-3A34-4841-9A69-E0B6640B4108}.Unity|x86.ActiveCfg = Release|Any CPU
		{40452223-3A34-4841-9A69-E0B6640B4108}.Unity|x86.Build.0 = Release|Any CPU
		{92915BD9-8AB1-4E4D-A2AC-95BBF4F82D89}.Debug|Any CPU.ActiveCfg = Debug|Any CPU
		{92915BD9-8AB1-4E4D-A2AC-95BBF4F82D89}.Debug|Any CPU.Build.0 = Debug|Any CPU
		{92915BD9-8AB1-4E4D-A2AC-95BBF4F82D89}.Debug|x86.ActiveCfg = Debug|Any CPU
		{92915BD9-8AB1-4E4D-A2AC-95BBF4F82D89}.Debug|x86.Build.0 = Debug|Any CPU
		{92915BD9-8AB1-4E4D-A2AC-95BBF4F82D89}.Release|Any CPU.ActiveCfg = Release|Any CPU
		{92915BD9-8AB1-4E4D-A2AC-95BBF4F82D89}.Release|Any CPU.Build.0 = Release|Any CPU
		{92915BD9-8AB1-4E4D-A2AC-95BBF4F82D89}.Release|x86.ActiveCfg = Release|Any CPU
		{92915BD9-8AB1-4E4D-A2AC-95BBF4F82D89}.Release|x86.Build.0 = Release|Any CPU
		{92915BD9-8AB1-4E4D-A2AC-95BBF4F82D89}.Unity|Any CPU.ActiveCfg = Release|Any CPU
		{92915BD9-8AB1-4E4D-A2AC-95BBF4F82D89}.Unity|Any CPU.Build.0 = Release|Any CPU
		{92915BD9-8AB1-4E4D-A2AC-95BBF4F82D89}.Unity|x86.ActiveCfg = Release|Any CPU
		{92915BD9-8AB1-4E4D-A2AC-95BBF4F82D89}.Unity|x86.Build.0 = Release|Any CPU
		{6A557F00-BBDE-4F47-91BC-2995844AFC79}.Debug|Any CPU.ActiveCfg = Debug|Any CPU
		{6A557F00-BBDE-4F47-91BC-2995844AFC79}.Debug|Any CPU.Build.0 = Debug|Any CPU
		{6A557F00-BBDE-4F47-91BC-2995844AFC79}.Debug|x86.ActiveCfg = Debug|Any CPU
		{6A557F00-BBDE-4F47-91BC-2995844AFC79}.Debug|x86.Build.0 = Debug|Any CPU
		{6A557F00-BBDE-4F47-91BC-2995844AFC79}.Release|Any CPU.ActiveCfg = Release|Any CPU
		{6A557F00-BBDE-4F47-91BC-2995844AFC79}.Release|Any CPU.Build.0 = Release|Any CPU
		{6A557F00-BBDE-4F47-91BC-2995844AFC79}.Release|x86.ActiveCfg = Release|Any CPU
		{6A557F00-BBDE-4F47-91BC-2995844AFC79}.Release|x86.Build.0 = Release|Any CPU
		{6A557F00-BBDE-4F47-91BC-2995844AFC79}.Unity|Any CPU.ActiveCfg = Debug|Any CPU
		{6A557F00-BBDE-4F47-91BC-2995844AFC79}.Unity|Any CPU.Build.0 = Debug|Any CPU
		{6A557F00-BBDE-4F47-91BC-2995844AFC79}.Unity|x86.ActiveCfg = Release|Any CPU
		{6A557F00-BBDE-4F47-91BC-2995844AFC79}.Unity|x86.Build.0 = Release|Any CPU
		{2A0366A7-E423-401C-A44A-194DEAF31F6D}.Debug|Any CPU.ActiveCfg = Debug|Any CPU
		{2A0366A7-E423-401C-A44A-194DEAF31F6D}.Debug|Any CPU.Build.0 = Debug|Any CPU
		{2A0366A7-E423-401C-A44A-194DEAF31F6D}.Debug|x86.ActiveCfg = Debug|Any CPU
		{2A0366A7-E423-401C-A44A-194DEAF31F6D}.Debug|x86.Build.0 = Debug|Any CPU
		{2A0366A7-E423-401C-A44A-194DEAF31F6D}.Release|Any CPU.ActiveCfg = Release|Any CPU
		{2A0366A7-E423-401C-A44A-194DEAF31F6D}.Release|Any CPU.Build.0 = Release|Any CPU
		{2A0366A7-E423-401C-A44A-194DEAF31F6D}.Release|x86.ActiveCfg = Release|Any CPU
		{2A0366A7-E423-401C-A44A-194DEAF31F6D}.Release|x86.Build.0 = Release|Any CPU
		{2A0366A7-E423-401C-A44A-194DEAF31F6D}.Unity|Any CPU.ActiveCfg = Debug|Any CPU
		{2A0366A7-E423-401C-A44A-194DEAF31F6D}.Unity|Any CPU.Build.0 = Debug|Any CPU
		{2A0366A7-E423-401C-A44A-194DEAF31F6D}.Unity|x86.ActiveCfg = Release|Any CPU
		{2A0366A7-E423-401C-A44A-194DEAF31F6D}.Unity|x86.Build.0 = Release|Any CPU
		{F13A6A3A-B8CE-4DB2-83B8-2A1445838F3B}.Debug|Any CPU.ActiveCfg = Debug|Any CPU
		{F13A6A3A-B8CE-4DB2-83B8-2A1445838F3B}.Debug|Any CPU.Build.0 = Debug|Any CPU
		{F13A6A3A-B8CE-4DB2-83B8-2A1445838F3B}.Debug|x86.ActiveCfg = Debug|Any CPU
		{F13A6A3A-B8CE-4DB2-83B8-2A1445838F3B}.Debug|x86.Build.0 = Debug|Any CPU
		{F13A6A3A-B8CE-4DB2-83B8-2A1445838F3B}.Release|Any CPU.ActiveCfg = Release|Any CPU
		{F13A6A3A-B8CE-4DB2-83B8-2A1445838F3B}.Release|Any CPU.Build.0 = Release|Any CPU
		{F13A6A3A-B8CE-4DB2-83B8-2A1445838F3B}.Release|x86.ActiveCfg = Release|Any CPU
		{F13A6A3A-B8CE-4DB2-83B8-2A1445838F3B}.Release|x86.Build.0 = Release|Any CPU
		{F13A6A3A-B8CE-4DB2-83B8-2A1445838F3B}.Unity|Any CPU.ActiveCfg = Debug|Any CPU
		{F13A6A3A-B8CE-4DB2-83B8-2A1445838F3B}.Unity|Any CPU.Build.0 = Debug|Any CPU
		{F13A6A3A-B8CE-4DB2-83B8-2A1445838F3B}.Unity|x86.ActiveCfg = Release|Any CPU
		{F13A6A3A-B8CE-4DB2-83B8-2A1445838F3B}.Unity|x86.Build.0 = Release|Any CPU
		{8243BA61-A6F5-4CC6-B407-C29C32DCCD8D}.Debug|Any CPU.ActiveCfg = Debug|Any CPU
		{8243BA61-A6F5-4CC6-B407-C29C32DCCD8D}.Debug|Any CPU.Build.0 = Debug|Any CPU
		{8243BA61-A6F5-4CC6-B407-C29C32DCCD8D}.Debug|x86.ActiveCfg = Debug|Any CPU
		{8243BA61-A6F5-4CC6-B407-C29C32DCCD8D}.Debug|x86.Build.0 = Debug|Any CPU
		{8243BA61-A6F5-4CC6-B407-C29C32DCCD8D}.Release|Any CPU.ActiveCfg = Release|Any CPU
		{8243BA61-A6F5-4CC6-B407-C29C32DCCD8D}.Release|Any CPU.Build.0 = Release|Any CPU
		{8243BA61-A6F5-4CC6-B407-C29C32DCCD8D}.Release|x86.ActiveCfg = Release|Any CPU
		{8243BA61-A6F5-4CC6-B407-C29C32DCCD8D}.Release|x86.Build.0 = Release|Any CPU
		{8243BA61-A6F5-4CC6-B407-C29C32DCCD8D}.Unity|Any CPU.ActiveCfg = Debug|Any CPU
		{8243BA61-A6F5-4CC6-B407-C29C32DCCD8D}.Unity|Any CPU.Build.0 = Debug|Any CPU
		{8243BA61-A6F5-4CC6-B407-C29C32DCCD8D}.Unity|x86.ActiveCfg = Release|Any CPU
		{8243BA61-A6F5-4CC6-B407-C29C32DCCD8D}.Unity|x86.Build.0 = Release|Any CPU
		{2BE78B63-AEC3-48BC-9678-368C4D12FB47}.Debug|Any CPU.ActiveCfg = Debug|Any CPU
		{2BE78B63-AEC3-48BC-9678-368C4D12FB47}.Debug|Any CPU.Build.0 = Debug|Any CPU
		{2BE78B63-AEC3-48BC-9678-368C4D12FB47}.Debug|x86.ActiveCfg = Debug|Any CPU
		{2BE78B63-AEC3-48BC-9678-368C4D12FB47}.Debug|x86.Build.0 = Debug|Any CPU
		{2BE78B63-AEC3-48BC-9678-368C4D12FB47}.Release|Any CPU.ActiveCfg = Release|Any CPU
		{2BE78B63-AEC3-48BC-9678-368C4D12FB47}.Release|Any CPU.Build.0 = Release|Any CPU
		{2BE78B63-AEC3-48BC-9678-368C4D12FB47}.Release|x86.ActiveCfg = Release|Any CPU
		{2BE78B63-AEC3-48BC-9678-368C4D12FB47}.Release|x86.Build.0 = Release|Any CPU
		{2BE78B63-AEC3-48BC-9678-368C4D12FB47}.Unity|Any CPU.ActiveCfg = Debug|Any CPU
		{2BE78B63-AEC3-48BC-9678-368C4D12FB47}.Unity|Any CPU.Build.0 = Debug|Any CPU
		{2BE78B63-AEC3-48BC-9678-368C4D12FB47}.Unity|x86.ActiveCfg = Release|Any CPU
		{2BE78B63-AEC3-48BC-9678-368C4D12FB47}.Unity|x86.Build.0 = Release|Any CPU
		{EA7A3421-CE8E-4260-95F9-A27E86AF802F}.Debug|Any CPU.ActiveCfg = Debug|Any CPU
		{EA7A3421-CE8E-4260-95F9-A27E86AF802F}.Debug|Any CPU.Build.0 = Debug|Any CPU
		{EA7A3421-CE8E-4260-95F9-A27E86AF802F}.Debug|x86.ActiveCfg = Debug|Any CPU
		{EA7A3421-CE8E-4260-95F9-A27E86AF802F}.Debug|x86.Build.0 = Debug|Any CPU
		{EA7A3421-CE8E-4260-95F9-A27E86AF802F}.Release|Any CPU.ActiveCfg = Release|Any CPU
		{EA7A3421-CE8E-4260-95F9-A27E86AF802F}.Release|Any CPU.Build.0 = Release|Any CPU
		{EA7A3421-CE8E-4260-95F9-A27E86AF802F}.Release|x86.ActiveCfg = Release|Any CPU
		{EA7A3421-CE8E-4260-95F9-A27E86AF802F}.Release|x86.Build.0 = Release|Any CPU
		{EA7A3421-CE8E-4260-95F9-A27E86AF802F}.Unity|Any CPU.ActiveCfg = Unity|Any CPU
		{EA7A3421-CE8E-4260-95F9-A27E86AF802F}.Unity|Any CPU.Build.0 = Unity|Any CPU
		{EA7A3421-CE8E-4260-95F9-A27E86AF802F}.Unity|x86.ActiveCfg = Unity|Any CPU
		{EA7A3421-CE8E-4260-95F9-A27E86AF802F}.Unity|x86.Build.0 = Unity|Any CPU
		{FD7EE2B5-1B8E-44D5-9A59-FFE5AEF5B1C5}.Debug|Any CPU.ActiveCfg = Debug|Any CPU
		{FD7EE2B5-1B8E-44D5-9A59-FFE5AEF5B1C5}.Debug|Any CPU.Build.0 = Debug|Any CPU
		{FD7EE2B5-1B8E-44D5-9A59-FFE5AEF5B1C5}.Debug|x86.ActiveCfg = Debug|Any CPU
		{FD7EE2B5-1B8E-44D5-9A59-FFE5AEF5B1C5}.Debug|x86.Build.0 = Debug|Any CPU
		{FD7EE2B5-1B8E-44D5-9A59-FFE5AEF5B1C5}.Release|Any CPU.ActiveCfg = Release|Any CPU
		{FD7EE2B5-1B8E-44D5-9A59-FFE5AEF5B1C5}.Release|Any CPU.Build.0 = Release|Any CPU
		{FD7EE2B5-1B8E-44D5-9A59-FFE5AEF5B1C5}.Release|x86.ActiveCfg = Release|Any CPU
		{FD7EE2B5-1B8E-44D5-9A59-FFE5AEF5B1C5}.Release|x86.Build.0 = Release|Any CPU
		{FD7EE2B5-1B8E-44D5-9A59-FFE5AEF5B1C5}.Unity|Any CPU.ActiveCfg = Unity|Any CPU
		{FD7EE2B5-1B8E-44D5-9A59-FFE5AEF5B1C5}.Unity|Any CPU.Build.0 = Unity|Any CPU
		{FD7EE2B5-1B8E-44D5-9A59-FFE5AEF5B1C5}.Unity|x86.ActiveCfg = Unity|Any CPU
		{FD7EE2B5-1B8E-44D5-9A59-FFE5AEF5B1C5}.Unity|x86.Build.0 = Unity|Any CPU
		{0D965194-6475-4386-9195-13702D065A0F}.Debug|Any CPU.ActiveCfg = Debug|Any CPU
		{0D965194-6475-4386-9195-13702D065A0F}.Debug|Any CPU.Build.0 = Debug|Any CPU
		{0D965194-6475-4386-9195-13702D065A0F}.Debug|x86.ActiveCfg = Debug|Any CPU
		{0D965194-6475-4386-9195-13702D065A0F}.Debug|x86.Build.0 = Debug|Any CPU
		{0D965194-6475-4386-9195-13702D065A0F}.Release|Any CPU.ActiveCfg = Release|Any CPU
		{0D965194-6475-4386-9195-13702D065A0F}.Release|Any CPU.Build.0 = Release|Any CPU
		{0D965194-6475-4386-9195-13702D065A0F}.Release|x86.ActiveCfg = Release|Any CPU
		{0D965194-6475-4386-9195-13702D065A0F}.Release|x86.Build.0 = Release|Any CPU
		{0D965194-6475-4386-9195-13702D065A0F}.Unity|Any CPU.ActiveCfg = Debug|Any CPU
		{0D965194-6475-4386-9195-13702D065A0F}.Unity|Any CPU.Build.0 = Debug|Any CPU
		{0D965194-6475-4386-9195-13702D065A0F}.Unity|x86.ActiveCfg = Release|Any CPU
		{0D965194-6475-4386-9195-13702D065A0F}.Unity|x86.Build.0 = Release|Any CPU
		{52C6C067-31EB-4745-A6A8-2E7E1A809014}.Debug|Any CPU.ActiveCfg = Debug|Any CPU
		{52C6C067-31EB-4745-A6A8-2E7E1A809014}.Debug|Any CPU.Build.0 = Debug|Any CPU
		{52C6C067-31EB-4745-A6A8-2E7E1A809014}.Debug|x86.ActiveCfg = Debug|Any CPU
		{52C6C067-31EB-4745-A6A8-2E7E1A809014}.Debug|x86.Build.0 = Debug|Any CPU
		{52C6C067-31EB-4745-A6A8-2E7E1A809014}.Release|Any CPU.ActiveCfg = Release|Any CPU
		{52C6C067-31EB-4745-A6A8-2E7E1A809014}.Release|Any CPU.Build.0 = Release|Any CPU
		{52C6C067-31EB-4745-A6A8-2E7E1A809014}.Release|x86.ActiveCfg = Release|Any CPU
		{52C6C067-31EB-4745-A6A8-2E7E1A809014}.Release|x86.Build.0 = Release|Any CPU
		{52C6C067-31EB-4745-A6A8-2E7E1A809014}.Unity|Any CPU.ActiveCfg = Debug|Any CPU
		{52C6C067-31EB-4745-A6A8-2E7E1A809014}.Unity|Any CPU.Build.0 = Debug|Any CPU
		{52C6C067-31EB-4745-A6A8-2E7E1A809014}.Unity|x86.ActiveCfg = Release|Any CPU
		{52C6C067-31EB-4745-A6A8-2E7E1A809014}.Unity|x86.Build.0 = Release|Any CPU
		{6F5780AF-6A05-491D-BE6A-1621813F9A93}.Debug|Any CPU.ActiveCfg = Debug|Any CPU
		{6F5780AF-6A05-491D-BE6A-1621813F9A93}.Debug|Any CPU.Build.0 = Debug|Any CPU
		{6F5780AF-6A05-491D-BE6A-1621813F9A93}.Debug|x86.ActiveCfg = Debug|Any CPU
		{6F5780AF-6A05-491D-BE6A-1621813F9A93}.Debug|x86.Build.0 = Debug|Any CPU
		{6F5780AF-6A05-491D-BE6A-1621813F9A93}.Release|Any CPU.ActiveCfg = Release|Any CPU
		{6F5780AF-6A05-491D-BE6A-1621813F9A93}.Release|Any CPU.Build.0 = Release|Any CPU
		{6F5780AF-6A05-491D-BE6A-1621813F9A93}.Release|x86.ActiveCfg = Release|Any CPU
		{6F5780AF-6A05-491D-BE6A-1621813F9A93}.Release|x86.Build.0 = Release|Any CPU
		{6F5780AF-6A05-491D-BE6A-1621813F9A93}.Unity|Any CPU.ActiveCfg = Debug|Any CPU
		{6F5780AF-6A05-491D-BE6A-1621813F9A93}.Unity|Any CPU.Build.0 = Debug|Any CPU
		{6F5780AF-6A05-491D-BE6A-1621813F9A93}.Unity|x86.ActiveCfg = Release|Any CPU
		{6F5780AF-6A05-491D-BE6A-1621813F9A93}.Unity|x86.Build.0 = Release|Any CPU
		{22A5A75D-8515-4EBD-998D-8611304CF41F}.Debug|Any CPU.ActiveCfg = Debug|Any CPU
		{22A5A75D-8515-4EBD-998D-8611304CF41F}.Debug|Any CPU.Build.0 = Debug|Any CPU
		{22A5A75D-8515-4EBD-998D-8611304CF41F}.Debug|x86.ActiveCfg = Debug|Any CPU
		{22A5A75D-8515-4EBD-998D-8611304CF41F}.Debug|x86.Build.0 = Debug|Any CPU
		{22A5A75D-8515-4EBD-998D-8611304CF41F}.Release|Any CPU.ActiveCfg = Release|Any CPU
		{22A5A75D-8515-4EBD-998D-8611304CF41F}.Release|Any CPU.Build.0 = Release|Any CPU
		{22A5A75D-8515-4EBD-998D-8611304CF41F}.Release|x86.ActiveCfg = Release|Any CPU
		{22A5A75D-8515-4EBD-998D-8611304CF41F}.Release|x86.Build.0 = Release|Any CPU
		{22A5A75D-8515-4EBD-998D-8611304CF41F}.Unity|Any CPU.ActiveCfg = Debug|Any CPU
		{22A5A75D-8515-4EBD-998D-8611304CF41F}.Unity|Any CPU.Build.0 = Debug|Any CPU
		{22A5A75D-8515-4EBD-998D-8611304CF41F}.Unity|x86.ActiveCfg = Release|Any CPU
		{22A5A75D-8515-4EBD-998D-8611304CF41F}.Unity|x86.Build.0 = Release|Any CPU
		{744E913B-D451-476D-B989-7AD82CAB42ED}.Debug|Any CPU.ActiveCfg = Debug|Any CPU
		{744E913B-D451-476D-B989-7AD82CAB42ED}.Debug|Any CPU.Build.0 = Debug|Any CPU
		{744E913B-D451-476D-B989-7AD82CAB42ED}.Debug|x86.ActiveCfg = Debug|Any CPU
		{744E913B-D451-476D-B989-7AD82CAB42ED}.Debug|x86.Build.0 = Debug|Any CPU
		{744E913B-D451-476D-B989-7AD82CAB42ED}.Release|Any CPU.ActiveCfg = Release|Any CPU
		{744E913B-D451-476D-B989-7AD82CAB42ED}.Release|Any CPU.Build.0 = Release|Any CPU
		{744E913B-D451-476D-B989-7AD82CAB42ED}.Release|x86.ActiveCfg = Release|Any CPU
		{744E913B-D451-476D-B989-7AD82CAB42ED}.Release|x86.Build.0 = Release|Any CPU
		{744E913B-D451-476D-B989-7AD82CAB42ED}.Unity|Any CPU.ActiveCfg = Debug|Any CPU
		{744E913B-D451-476D-B989-7AD82CAB42ED}.Unity|Any CPU.Build.0 = Debug|Any CPU
		{744E913B-D451-476D-B989-7AD82CAB42ED}.Unity|x86.ActiveCfg = Release|Any CPU
		{744E913B-D451-476D-B989-7AD82CAB42ED}.Unity|x86.Build.0 = Release|Any CPU
		{0B77907A-6618-4C44-8B6D-CE89CEEC6C6B}.Debug|Any CPU.ActiveCfg = Debug|Any CPU
		{0B77907A-6618-4C44-8B6D-CE89CEEC6C6B}.Debug|Any CPU.Build.0 = Debug|Any CPU
		{0B77907A-6618-4C44-8B6D-CE89CEEC6C6B}.Debug|x86.ActiveCfg = Debug|Any CPU
		{0B77907A-6618-4C44-8B6D-CE89CEEC6C6B}.Debug|x86.Build.0 = Debug|Any CPU
		{0B77907A-6618-4C44-8B6D-CE89CEEC6C6B}.Release|Any CPU.ActiveCfg = Release|Any CPU
		{0B77907A-6618-4C44-8B6D-CE89CEEC6C6B}.Release|Any CPU.Build.0 = Release|Any CPU
		{0B77907A-6618-4C44-8B6D-CE89CEEC6C6B}.Release|x86.ActiveCfg = Release|Any CPU
		{0B77907A-6618-4C44-8B6D-CE89CEEC6C6B}.Release|x86.Build.0 = Release|Any CPU
		{0B77907A-6618-4C44-8B6D-CE89CEEC6C6B}.Unity|Any CPU.ActiveCfg = Debug|Any CPU
		{0B77907A-6618-4C44-8B6D-CE89CEEC6C6B}.Unity|Any CPU.Build.0 = Debug|Any CPU
		{0B77907A-6618-4C44-8B6D-CE89CEEC6C6B}.Unity|x86.ActiveCfg = Release|Any CPU
		{0B77907A-6618-4C44-8B6D-CE89CEEC6C6B}.Unity|x86.Build.0 = Release|Any CPU
		{CF992464-5B45-4D74-8BAB-33D510251CC2}.Debug|Any CPU.ActiveCfg = Debug|Any CPU
		{CF992464-5B45-4D74-8BAB-33D510251CC2}.Debug|Any CPU.Build.0 = Debug|Any CPU
		{CF992464-5B45-4D74-8BAB-33D510251CC2}.Debug|x86.ActiveCfg = Debug|Any CPU
		{CF992464-5B45-4D74-8BAB-33D510251CC2}.Debug|x86.Build.0 = Debug|Any CPU
		{CF992464-5B45-4D74-8BAB-33D510251CC2}.Release|Any CPU.ActiveCfg = Release|Any CPU
		{CF992464-5B45-4D74-8BAB-33D510251CC2}.Release|Any CPU.Build.0 = Release|Any CPU
		{CF992464-5B45-4D74-8BAB-33D510251CC2}.Release|x86.ActiveCfg = Release|Any CPU
		{CF992464-5B45-4D74-8BAB-33D510251CC2}.Release|x86.Build.0 = Release|Any CPU
		{CF992464-5B45-4D74-8BAB-33D510251CC2}.Unity|Any CPU.ActiveCfg = Debug|Any CPU
		{CF992464-5B45-4D74-8BAB-33D510251CC2}.Unity|Any CPU.Build.0 = Debug|Any CPU
		{CF992464-5B45-4D74-8BAB-33D510251CC2}.Unity|x86.ActiveCfg = Release|Any CPU
		{CF992464-5B45-4D74-8BAB-33D510251CC2}.Unity|x86.Build.0 = Release|Any CPU
		{BF572309-7387-451A-A79C-65BEB0CCE9FB}.Debug|Any CPU.ActiveCfg = Debug|Any CPU
		{BF572309-7387-451A-A79C-65BEB0CCE9FB}.Debug|Any CPU.Build.0 = Debug|Any CPU
		{BF572309-7387-451A-A79C-65BEB0CCE9FB}.Debug|x86.ActiveCfg = Debug|Any CPU
		{BF572309-7387-451A-A79C-65BEB0CCE9FB}.Debug|x86.Build.0 = Debug|Any CPU
		{BF572309-7387-451A-A79C-65BEB0CCE9FB}.Release|Any CPU.ActiveCfg = Release|Any CPU
		{BF572309-7387-451A-A79C-65BEB0CCE9FB}.Release|Any CPU.Build.0 = Release|Any CPU
		{BF572309-7387-451A-A79C-65BEB0CCE9FB}.Release|x86.ActiveCfg = Release|Any CPU
		{BF572309-7387-451A-A79C-65BEB0CCE9FB}.Release|x86.Build.0 = Release|Any CPU
		{BF572309-7387-451A-A79C-65BEB0CCE9FB}.Unity|Any CPU.ActiveCfg = Debug|Any CPU
		{BF572309-7387-451A-A79C-65BEB0CCE9FB}.Unity|Any CPU.Build.0 = Debug|Any CPU
		{BF572309-7387-451A-A79C-65BEB0CCE9FB}.Unity|x86.ActiveCfg = Release|Any CPU
		{BF572309-7387-451A-A79C-65BEB0CCE9FB}.Unity|x86.Build.0 = Release|Any CPU
		{2F95DC1B-1934-4208-808D-58A377C0FC4A}.Debug|Any CPU.ActiveCfg = Debug|Any CPU
		{2F95DC1B-1934-4208-808D-58A377C0FC4A}.Debug|Any CPU.Build.0 = Debug|Any CPU
		{2F95DC1B-1934-4208-808D-58A377C0FC4A}.Debug|x86.ActiveCfg = Debug|Any CPU
		{2F95DC1B-1934-4208-808D-58A377C0FC4A}.Debug|x86.Build.0 = Debug|Any CPU
		{2F95DC1B-1934-4208-808D-58A377C0FC4A}.Release|Any CPU.ActiveCfg = Release|Any CPU
		{2F95DC1B-1934-4208-808D-58A377C0FC4A}.Release|Any CPU.Build.0 = Release|Any CPU
		{2F95DC1B-1934-4208-808D-58A377C0FC4A}.Release|x86.ActiveCfg = Release|Any CPU
		{2F95DC1B-1934-4208-808D-58A377C0FC4A}.Release|x86.Build.0 = Release|Any CPU
		{2F95DC1B-1934-4208-808D-58A377C0FC4A}.Unity|Any CPU.ActiveCfg = Debug|Any CPU
		{2F95DC1B-1934-4208-808D-58A377C0FC4A}.Unity|Any CPU.Build.0 = Debug|Any CPU
		{2F95DC1B-1934-4208-808D-58A377C0FC4A}.Unity|x86.ActiveCfg = Release|Any CPU
		{2F95DC1B-1934-4208-808D-58A377C0FC4A}.Unity|x86.Build.0 = Release|Any CPU
		{5284ABE1-8E8C-4F88-ABB9-CAB9100DB1DF}.Debug|Any CPU.ActiveCfg = Debug|Any CPU
		{5284ABE1-8E8C-4F88-ABB9-CAB9100DB1DF}.Debug|Any CPU.Build.0 = Debug|Any CPU
		{5284ABE1-8E8C-4F88-ABB9-CAB9100DB1DF}.Debug|x86.ActiveCfg = Debug|Any CPU
		{5284ABE1-8E8C-4F88-ABB9-CAB9100DB1DF}.Debug|x86.Build.0 = Debug|Any CPU
		{5284ABE1-8E8C-4F88-ABB9-CAB9100DB1DF}.Release|Any CPU.ActiveCfg = Release|Any CPU
		{5284ABE1-8E8C-4F88-ABB9-CAB9100DB1DF}.Release|Any CPU.Build.0 = Release|Any CPU
		{5284ABE1-8E8C-4F88-ABB9-CAB9100DB1DF}.Release|x86.ActiveCfg = Release|Any CPU
		{5284ABE1-8E8C-4F88-ABB9-CAB9100DB1DF}.Release|x86.Build.0 = Release|Any CPU
		{5284ABE1-8E8C-4F88-ABB9-CAB9100DB1DF}.Unity|Any CPU.ActiveCfg = Debug|Any CPU
		{5284ABE1-8E8C-4F88-ABB9-CAB9100DB1DF}.Unity|Any CPU.Build.0 = Debug|Any CPU
		{5284ABE1-8E8C-4F88-ABB9-CAB9100DB1DF}.Unity|x86.ActiveCfg = Release|Any CPU
		{5284ABE1-8E8C-4F88-ABB9-CAB9100DB1DF}.Unity|x86.Build.0 = Release|Any CPU
		{2A2F71B2-5D31-4CED-962F-FEC4BC2A90F9}.Debug|Any CPU.ActiveCfg = Debug|Any CPU
		{2A2F71B2-5D31-4CED-962F-FEC4BC2A90F9}.Debug|Any CPU.Build.0 = Debug|Any CPU
		{2A2F71B2-5D31-4CED-962F-FEC4BC2A90F9}.Debug|x86.ActiveCfg = Debug|Any CPU
		{2A2F71B2-5D31-4CED-962F-FEC4BC2A90F9}.Debug|x86.Build.0 = Debug|Any CPU
		{2A2F71B2-5D31-4CED-962F-FEC4BC2A90F9}.Release|Any CPU.ActiveCfg = Release|Any CPU
		{2A2F71B2-5D31-4CED-962F-FEC4BC2A90F9}.Release|Any CPU.Build.0 = Release|Any CPU
		{2A2F71B2-5D31-4CED-962F-FEC4BC2A90F9}.Release|x86.ActiveCfg = Release|Any CPU
		{2A2F71B2-5D31-4CED-962F-FEC4BC2A90F9}.Release|x86.Build.0 = Release|Any CPU
		{2A2F71B2-5D31-4CED-962F-FEC4BC2A90F9}.Unity|Any CPU.ActiveCfg = Debug|Any CPU
		{2A2F71B2-5D31-4CED-962F-FEC4BC2A90F9}.Unity|Any CPU.Build.0 = Debug|Any CPU
		{2A2F71B2-5D31-4CED-962F-FEC4BC2A90F9}.Unity|x86.ActiveCfg = Release|Any CPU
		{2A2F71B2-5D31-4CED-962F-FEC4BC2A90F9}.Unity|x86.Build.0 = Release|Any CPU
		{04802B23-1E85-434B-B8BB-368699484CE8}.Debug|Any CPU.ActiveCfg = Debug|Any CPU
		{04802B23-1E85-434B-B8BB-368699484CE8}.Debug|Any CPU.Build.0 = Debug|Any CPU
		{04802B23-1E85-434B-B8BB-368699484CE8}.Debug|x86.ActiveCfg = Debug|Any CPU
		{04802B23-1E85-434B-B8BB-368699484CE8}.Debug|x86.Build.0 = Debug|Any CPU
		{04802B23-1E85-434B-B8BB-368699484CE8}.Release|Any CPU.ActiveCfg = Release|Any CPU
		{04802B23-1E85-434B-B8BB-368699484CE8}.Release|Any CPU.Build.0 = Release|Any CPU
		{04802B23-1E85-434B-B8BB-368699484CE8}.Release|x86.ActiveCfg = Release|Any CPU
		{04802B23-1E85-434B-B8BB-368699484CE8}.Release|x86.Build.0 = Release|Any CPU
		{04802B23-1E85-434B-B8BB-368699484CE8}.Unity|Any CPU.ActiveCfg = Release|Any CPU
		{04802B23-1E85-434B-B8BB-368699484CE8}.Unity|Any CPU.Build.0 = Release|Any CPU
		{04802B23-1E85-434B-B8BB-368699484CE8}.Unity|x86.ActiveCfg = Release|Any CPU
		{04802B23-1E85-434B-B8BB-368699484CE8}.Unity|x86.Build.0 = Release|Any CPU
		{B8A6E24D-A355-4100-A252-01959D22B72F}.Debug|Any CPU.ActiveCfg = Debug|Any CPU
		{B8A6E24D-A355-4100-A252-01959D22B72F}.Debug|Any CPU.Build.0 = Debug|Any CPU
		{B8A6E24D-A355-4100-A252-01959D22B72F}.Debug|x86.ActiveCfg = Debug|Any CPU
		{B8A6E24D-A355-4100-A252-01959D22B72F}.Debug|x86.Build.0 = Debug|Any CPU
		{B8A6E24D-A355-4100-A252-01959D22B72F}.Release|Any CPU.ActiveCfg = Release|Any CPU
		{B8A6E24D-A355-4100-A252-01959D22B72F}.Release|Any CPU.Build.0 = Release|Any CPU
		{B8A6E24D-A355-4100-A252-01959D22B72F}.Release|x86.ActiveCfg = Release|Any CPU
		{B8A6E24D-A355-4100-A252-01959D22B72F}.Release|x86.Build.0 = Release|Any CPU
		{B8A6E24D-A355-4100-A252-01959D22B72F}.Unity|Any CPU.ActiveCfg = Debug|Any CPU
		{B8A6E24D-A355-4100-A252-01959D22B72F}.Unity|Any CPU.Build.0 = Debug|Any CPU
		{B8A6E24D-A355-4100-A252-01959D22B72F}.Unity|x86.ActiveCfg = Release|Any CPU
		{B8A6E24D-A355-4100-A252-01959D22B72F}.Unity|x86.Build.0 = Release|Any CPU
		{6E016B8D-6E0B-496C-9EA1-E1AA584C5C15}.Debug|Any CPU.ActiveCfg = Debug|Any CPU
		{6E016B8D-6E0B-496C-9EA1-E1AA584C5C15}.Debug|Any CPU.Build.0 = Debug|Any CPU
		{6E016B8D-6E0B-496C-9EA1-E1AA584C5C15}.Debug|x86.ActiveCfg = Debug|Any CPU
		{6E016B8D-6E0B-496C-9EA1-E1AA584C5C15}.Debug|x86.Build.0 = Debug|Any CPU
		{6E016B8D-6E0B-496C-9EA1-E1AA584C5C15}.Release|Any CPU.ActiveCfg = Release|Any CPU
		{6E016B8D-6E0B-496C-9EA1-E1AA584C5C15}.Release|Any CPU.Build.0 = Release|Any CPU
		{6E016B8D-6E0B-496C-9EA1-E1AA584C5C15}.Release|x86.ActiveCfg = Release|Any CPU
		{6E016B8D-6E0B-496C-9EA1-E1AA584C5C15}.Release|x86.Build.0 = Release|Any CPU
		{6E016B8D-6E0B-496C-9EA1-E1AA584C5C15}.Unity|Any CPU.ActiveCfg = Unity|Any CPU
		{6E016B8D-6E0B-496C-9EA1-E1AA584C5C15}.Unity|Any CPU.Build.0 = Unity|Any CPU
		{6E016B8D-6E0B-496C-9EA1-E1AA584C5C15}.Unity|x86.ActiveCfg = Unity|Any CPU
		{6E016B8D-6E0B-496C-9EA1-E1AA584C5C15}.Unity|x86.Build.0 = Unity|Any CPU
		{CF3770C7-14E0-4F53-A61F-E1841EBB6BD0}.Debug|Any CPU.ActiveCfg = Debug|Any CPU
		{CF3770C7-14E0-4F53-A61F-E1841EBB6BD0}.Debug|Any CPU.Build.0 = Debug|Any CPU
		{CF3770C7-14E0-4F53-A61F-E1841EBB6BD0}.Debug|x86.ActiveCfg = Debug|Any CPU
		{CF3770C7-14E0-4F53-A61F-E1841EBB6BD0}.Debug|x86.Build.0 = Debug|Any CPU
		{CF3770C7-14E0-4F53-A61F-E1841EBB6BD0}.Release|Any CPU.ActiveCfg = Release|Any CPU
		{CF3770C7-14E0-4F53-A61F-E1841EBB6BD0}.Release|Any CPU.Build.0 = Release|Any CPU
		{CF3770C7-14E0-4F53-A61F-E1841EBB6BD0}.Release|x86.ActiveCfg = Release|Any CPU
		{CF3770C7-14E0-4F53-A61F-E1841EBB6BD0}.Release|x86.Build.0 = Release|Any CPU
		{CF3770C7-14E0-4F53-A61F-E1841EBB6BD0}.Unity|Any CPU.ActiveCfg = Debug|Any CPU
		{CF3770C7-14E0-4F53-A61F-E1841EBB6BD0}.Unity|Any CPU.Build.0 = Debug|Any CPU
		{CF3770C7-14E0-4F53-A61F-E1841EBB6BD0}.Unity|x86.ActiveCfg = Debug|Any CPU
		{CF3770C7-14E0-4F53-A61F-E1841EBB6BD0}.Unity|x86.Build.0 = Debug|Any CPU
		{3D1EC675-CB54-46CB-9F0B-1188E4912F19}.Debug|Any CPU.ActiveCfg = Debug|Any CPU
		{3D1EC675-CB54-46CB-9F0B-1188E4912F19}.Debug|Any CPU.Build.0 = Debug|Any CPU
		{3D1EC675-CB54-46CB-9F0B-1188E4912F19}.Debug|x86.ActiveCfg = Debug|Any CPU
		{3D1EC675-CB54-46CB-9F0B-1188E4912F19}.Debug|x86.Build.0 = Debug|Any CPU
		{3D1EC675-CB54-46CB-9F0B-1188E4912F19}.Release|Any CPU.ActiveCfg = Release|Any CPU
		{3D1EC675-CB54-46CB-9F0B-1188E4912F19}.Release|Any CPU.Build.0 = Release|Any CPU
		{3D1EC675-CB54-46CB-9F0B-1188E4912F19}.Release|x86.ActiveCfg = Release|Any CPU
		{3D1EC675-CB54-46CB-9F0B-1188E4912F19}.Release|x86.Build.0 = Release|Any CPU
		{3D1EC675-CB54-46CB-9F0B-1188E4912F19}.Unity|Any CPU.ActiveCfg = Debug|Any CPU
		{3D1EC675-CB54-46CB-9F0B-1188E4912F19}.Unity|Any CPU.Build.0 = Debug|Any CPU
		{3D1EC675-CB54-46CB-9F0B-1188E4912F19}.Unity|x86.ActiveCfg = Debug|Any CPU
		{3D1EC675-CB54-46CB-9F0B-1188E4912F19}.Unity|x86.Build.0 = Debug|Any CPU
		{86D88E4D-2352-4829-A4A2-F4E7910A372C}.Debug|Any CPU.ActiveCfg = Debug|Any CPU
		{86D88E4D-2352-4829-A4A2-F4E7910A372C}.Debug|x86.ActiveCfg = Debug|Any CPU
		{86D88E4D-2352-4829-A4A2-F4E7910A372C}.Debug|x86.Build.0 = Debug|Any CPU
		{86D88E4D-2352-4829-A4A2-F4E7910A372C}.Release|Any CPU.ActiveCfg = Release|Any CPU
		{86D88E4D-2352-4829-A4A2-F4E7910A372C}.Release|x86.ActiveCfg = Release|Any CPU
		{86D88E4D-2352-4829-A4A2-F4E7910A372C}.Release|x86.Build.0 = Release|Any CPU
		{86D88E4D-2352-4829-A4A2-F4E7910A372C}.Unity|Any CPU.ActiveCfg = Debug|Any CPU
		{86D88E4D-2352-4829-A4A2-F4E7910A372C}.Unity|Any CPU.Build.0 = Debug|Any CPU
		{86D88E4D-2352-4829-A4A2-F4E7910A372C}.Unity|x86.ActiveCfg = Debug|Any CPU
		{86D88E4D-2352-4829-A4A2-F4E7910A372C}.Unity|x86.Build.0 = Debug|Any CPU
		{2F3C3943-1EC4-4A8B-98C6-ECDD90E23D3E}.Debug|Any CPU.ActiveCfg = Debug|Any CPU
		{2F3C3943-1EC4-4A8B-98C6-ECDD90E23D3E}.Debug|x86.ActiveCfg = Debug|Any CPU
		{2F3C3943-1EC4-4A8B-98C6-ECDD90E23D3E}.Debug|x86.Build.0 = Debug|Any CPU
		{2F3C3943-1EC4-4A8B-98C6-ECDD90E23D3E}.Release|Any CPU.ActiveCfg = Release|Any CPU
		{2F3C3943-1EC4-4A8B-98C6-ECDD90E23D3E}.Release|x86.ActiveCfg = Release|Any CPU
		{2F3C3943-1EC4-4A8B-98C6-ECDD90E23D3E}.Release|x86.Build.0 = Release|Any CPU
		{2F3C3943-1EC4-4A8B-98C6-ECDD90E23D3E}.Unity|Any CPU.ActiveCfg = Debug|Any CPU
		{2F3C3943-1EC4-4A8B-98C6-ECDD90E23D3E}.Unity|Any CPU.Build.0 = Debug|Any CPU
		{2F3C3943-1EC4-4A8B-98C6-ECDD90E23D3E}.Unity|x86.ActiveCfg = Debug|Any CPU
		{2F3C3943-1EC4-4A8B-98C6-ECDD90E23D3E}.Unity|x86.Build.0 = Debug|Any CPU
	EndGlobalSection
	GlobalSection(SolutionProperties) = preSolution
		HideSolutionNode = FALSE
	EndGlobalSection
	GlobalSection(NestedProjects) = preSolution
		{00407077-2DA4-45C9-8A21-FCCEB87E8274} = {5EC9E829-8200-4FF2-A425-AB75E3453DCD}
		{74DF4B98-117B-4641-8DBB-6A54D3C5E264} = {5EC9E829-8200-4FF2-A425-AB75E3453DCD}
		{7C71D1B7-C9FD-4BCF-AA66-DD01F99C6E85} = {5EC9E829-8200-4FF2-A425-AB75E3453DCD}
		{4FCA15A0-045E-435F-94EF-C12408387D90} = {5EC9E829-8200-4FF2-A425-AB75E3453DCD}
		{43CBBA9B-C4BC-4E64-8733-7B72562D2E91} = {00407077-2DA4-45C9-8A21-FCCEB87E8274}
		{2E6E238C-9017-445C-9611-66DA780609BE} = {00407077-2DA4-45C9-8A21-FCCEB87E8274}
		{40452223-3A34-4841-9A69-E0B6640B4108} = {00407077-2DA4-45C9-8A21-FCCEB87E8274}
		{92915BD9-8AB1-4E4D-A2AC-95BBF4F82D89} = {00407077-2DA4-45C9-8A21-FCCEB87E8274}
		{6A557F00-BBDE-4F47-91BC-2995844AFC79} = {00407077-2DA4-45C9-8A21-FCCEB87E8274}
		{2A0366A7-E423-401C-A44A-194DEAF31F6D} = {00407077-2DA4-45C9-8A21-FCCEB87E8274}
		{F13A6A3A-B8CE-4DB2-83B8-2A1445838F3B} = {7C71D1B7-C9FD-4BCF-AA66-DD01F99C6E85}
		{8243BA61-A6F5-4CC6-B407-C29C32DCCD8D} = {4FCA15A0-045E-435F-94EF-C12408387D90}
		{2BE78B63-AEC3-48BC-9678-368C4D12FB47} = {4FCA15A0-045E-435F-94EF-C12408387D90}
		{EA7A3421-CE8E-4260-95F9-A27E86AF802F} = {74DF4B98-117B-4641-8DBB-6A54D3C5E264}
		{FD7EE2B5-1B8E-44D5-9A59-FFE5AEF5B1C5} = {74DF4B98-117B-4641-8DBB-6A54D3C5E264}
		{0D965194-6475-4386-9195-13702D065A0F} = {74DF4B98-117B-4641-8DBB-6A54D3C5E264}
		{52C6C067-31EB-4745-A6A8-2E7E1A809014} = {74DF4B98-117B-4641-8DBB-6A54D3C5E264}
		{6F5780AF-6A05-491D-BE6A-1621813F9A93} = {74DF4B98-117B-4641-8DBB-6A54D3C5E264}
		{22A5A75D-8515-4EBD-998D-8611304CF41F} = {74DF4B98-117B-4641-8DBB-6A54D3C5E264}
		{744E913B-D451-476D-B989-7AD82CAB42ED} = {9089A3C4-FF19-40E6-B521-4A09B4485986}
		{0B77907A-6618-4C44-8B6D-CE89CEEC6C6B} = {9089A3C4-FF19-40E6-B521-4A09B4485986}
		{CF992464-5B45-4D74-8BAB-33D510251CC2} = {9089A3C4-FF19-40E6-B521-4A09B4485986}
		{BF572309-7387-451A-A79C-65BEB0CCE9FB} = {72D4B17A-D1CA-48E3-9DF5-87BED006B0D3}
		{2F95DC1B-1934-4208-808D-58A377C0FC4A} = {9089A3C4-FF19-40E6-B521-4A09B4485986}
		{5284ABE1-8E8C-4F88-ABB9-CAB9100DB1DF} = {9089A3C4-FF19-40E6-B521-4A09B4485986}
		{2A2F71B2-5D31-4CED-962F-FEC4BC2A90F9} = {0E1F8169-CCB2-4B9B-A125-9D6D594ECD87}
		{E65BB1CB-824D-4C3C-BE4E-ACF16F10ED4F} = {5EC9E829-8200-4FF2-A425-AB75E3453DCD}
		{04802B23-1E85-434B-B8BB-368699484CE8} = {E65BB1CB-824D-4C3C-BE4E-ACF16F10ED4F}
		{B8A6E24D-A355-4100-A252-01959D22B72F} = {74DF4B98-117B-4641-8DBB-6A54D3C5E264}
		{6E016B8D-6E0B-496C-9EA1-E1AA584C5C15} = {74DF4B98-117B-4641-8DBB-6A54D3C5E264}
		{CF3770C7-14E0-4F53-A61F-E1841EBB6BD0} = {9089A3C4-FF19-40E6-B521-4A09B4485986}
		{3D1EC675-CB54-46CB-9F0B-1188E4912F19} = {AEA1CE4F-F6C0-46BC-953A-E4605BE85453}
		{AEA1CE4F-F6C0-46BC-953A-E4605BE85453} = {9089A3C4-FF19-40E6-B521-4A09B4485986}
		{21A3A2F3-BEBD-4790-AE92-8406DD76172E} = {9089A3C4-FF19-40E6-B521-4A09B4485986}
		{86D88E4D-2352-4829-A4A2-F4E7910A372C} = {21A3A2F3-BEBD-4790-AE92-8406DD76172E}
		{2F3C3943-1EC4-4A8B-98C6-ECDD90E23D3E} = {21A3A2F3-BEBD-4790-AE92-8406DD76172E}
		{FE310F94-F5F9-4EB7-BC4E-E0C3BB5A4BB1} = {21A3A2F3-BEBD-4790-AE92-8406DD76172E}
	EndGlobalSection
	GlobalSection(ExtensibilityGlobals) = postSolution
		SolutionGuid = {26BD207F-E100-41E9-AAD3-14868BE541AD}
	EndGlobalSection
EndGlobal
